Microsoft Visual Studio Solution File, Format Version 12.00
# Visual Studio Version 17
VisualStudioVersion = 17.5.2.0
MinimumVisualStudioVersion = 10.0.40219.1
Project("{FAE04EC0-301F-11D3-BF4B-00C04F79EFBC}") = "CustomProgram", "CustomProgram.csproj", "{2CE9F8CF-A3BB-5D8B-FABB-43B8D6663708}"
EndProject
Global
	GlobalSection(SolutionConfigurationPlatforms) = preSolution
		Debug|Any CPU = Debug|Any CPU
		Release|Any CPU = Release|Any CPU
	EndGlobalSection
	GlobalSection(ProjectConfigurationPlatforms) = postSolution
		{2CE9F8CF-A3BB-5D8B-FABB-43B8D6663708}.Debug|Any CPU.ActiveCfg = Debug|Any CPU
		{2CE9F8CF-A3BB-5D8B-FABB-43B8D6663708}.Debug|Any CPU.Build.0 = Debug|Any CPU
		{2CE9F8CF-A3BB-5D8B-FABB-43B8D6663708}.Release|Any CPU.ActiveCfg = Release|Any CPU
		{2CE9F8CF-A3BB-5D8B-FABB-43B8D6663708}.Release|Any CPU.Build.0 = Release|Any CPU
	EndGlobalSection
	GlobalSection(SolutionProperties) = preSolution
		HideSolutionNode = FALSE
	EndGlobalSection
	GlobalSection(ExtensibilityGlobals) = postSolution
		SolutionGuid = {7E160745-3E14-4D40-9340-06172A655F20}
	EndGlobalSection
EndGlobal
